
Microsoft Visual Studio Solution File, Format Version 12.00
# Visual Studio Version 17
VisualStudioVersion = 17.9.34701.34
MinimumVisualStudioVersion = 10.0.40219.1
Project("{FAE04EC0-301F-11D3-BF4B-00C04F79EFBC}") = "proyecto12", "proyecto12.csproj", "{6ADD8E11-08B2-436C-A753-9D375652E094}"
EndProject
Project("{00D1A9C2-B5F0-4AF3-8072-F6C62B433612}") = "Database1", "..\..\source\repos\Database1\Database1.sqlproj", "{7513FFB6-9179-4496-9736-E2BEE96D7779}"
EndProject
Global
	GlobalSection(SolutionConfigurationPlatforms) = preSolution
		Debug|Any CPU = Debug|Any CPU
		Release|Any CPU = Release|Any CPU
	EndGlobalSection
	GlobalSection(ProjectConfigurationPlatforms) = postSolution
		{6ADD8E11-08B2-436C-A753-9D375652E094}.Debug|Any CPU.ActiveCfg = Debug|Any CPU
		{6ADD8E11-08B2-436C-A753-9D375652E094}.Debug|Any CPU.Build.0 = Debug|Any CPU
		{6ADD8E11-08B2-436C-A753-9D375652E094}.Release|Any CPU.ActiveCfg = Release|Any CPU
		{6ADD8E11-08B2-436C-A753-9D375652E094}.Release|Any CPU.Build.0 = Release|Any CPU
		{7513FFB6-9179-4496-9736-E2BEE96D7779}.Debug|Any CPU.ActiveCfg = Debug|Any CPU
		{7513FFB6-9179-4496-9736-E2BEE96D7779}.Debug|Any CPU.Build.0 = Debug|Any CPU
		{7513FFB6-9179-4496-9736-E2BEE96D7779}.Debug|Any CPU.Deploy.0 = Debug|Any CPU
		{7513FFB6-9179-4496-9736-E2BEE96D7779}.Release|Any CPU.ActiveCfg = Release|Any CPU
		{7513FFB6-9179-4496-9736-E2BEE96D7779}.Release|Any CPU.Build.0 = Release|Any CPU
		{7513FFB6-9179-4496-9736-E2BEE96D7779}.Release|Any CPU.Deploy.0 = Release|Any CPU
	EndGlobalSection
	GlobalSection(SolutionProperties) = preSolution
		HideSolutionNode = FALSE
	EndGlobalSection
	GlobalSection(ExtensibilityGlobals) = postSolution
		SolutionGuid = {E65A02A1-757C-437E-9D7F-91C3908F8B35}
	EndGlobalSection
EndGlobal
